// !$*UTF8*$!
{
	archiveVersion = 1;
	classes = {
	};
	objectVersion = 46;
	objects = {

/* Begin PBXBuildFile section */
		266C08F21D397177004F0349 /* SDL2.framework in Frameworks */ = {isa = PBXBuildFile; fileRef = 266C08F11D397177004F0349 /* SDL2.framework */; };
		266C08F41D397B46004F0349 /* SDL2_image.framework in Frameworks */ = {isa = PBXBuildFile; fileRef = 266C08F31D397B46004F0349 /* SDL2_image.framework */; };
		26721FF61D2938400032572C /* main.cpp in Sources */ = {isa = PBXBuildFile; fileRef = 26721FF51D2938400032572C /* main.cpp */; };
		26D1363C1D33038B00B71B0C /* CandyCrushPlayer.cpp in Sources */ = {isa = PBXBuildFile; fileRef = 26D1363A1D33038B00B71B0C /* CandyCrushPlayer.cpp */; };
		26D1363E1D33042900B71B0C /* CandyCrush.cpp in Sources */ = {isa = PBXBuildFile; fileRef = 26D1363D1D33042900B71B0C /* CandyCrush.cpp */; };
		26D136401D33133000B71B0C /* TicTacToe.cpp in Sources */ = {isa = PBXBuildFile; fileRef = 26D1363F1D33133000B71B0C /* TicTacToe.cpp */; };
		26D136431D33144400B71B0C /* TicTacToePlayer.cpp in Sources */ = {isa = PBXBuildFile; fileRef = 26D136411D33144400B71B0C /* TicTacToePlayer.cpp */; };
		26D136471D3318F700B71B0C /* GameBoard.cpp in Sources */ = {isa = PBXBuildFile; fileRef = 26D136461D3318F700B71B0C /* GameBoard.cpp */; };
/* End PBXBuildFile section */

/* Begin PBXCopyFilesBuildPhase section */
		26721FF01D2938400032572C /* CopyFiles */ = {
			isa = PBXCopyFilesBuildPhase;
			buildActionMask = 2147483647;
			dstPath = /usr/share/man/man1/;
			dstSubfolderSpec = 0;
			files = (
			);
			runOnlyForDeploymentPostprocessing = 1;
		};
/* End PBXCopyFilesBuildPhase section */

/* Begin PBXFileReference section */
		266C08F11D397177004F0349 /* SDL2.framework */ = {isa = PBXFileReference; lastKnownFileType = wrapper.framework; name = SDL2.framework; path = ../../../../Library/Frameworks/SDL2.framework; sourceTree = "<group>"; };
		266C08F31D397B46004F0349 /* SDL2_image.framework */ = {isa = PBXFileReference; lastKnownFileType = wrapper.framework; name = SDL2_image.framework; path = ../../../../Library/Frameworks/SDL2_image.framework; sourceTree = "<group>"; };
		26721FF21D2938400032572C /* ticTacToe */ = {isa = PBXFileReference; explicitFileType = "compiled.mach-o.executable"; includeInIndex = 0; path = ticTacToe; sourceTree = BUILT_PRODUCTS_DIR; };
		26721FF51D2938400032572C /* main.cpp */ = {isa = PBXFileReference; lastKnownFileType = sourcecode.cpp.cpp; path = main.cpp; sourceTree = "<group>"; };
		26D136391D32C6D300B71B0C /* readme */ = {isa = PBXFileReference; fileEncoding = 4; lastKnownFileType = text; path = readme; sourceTree = "<group>"; };
		26D1363A1D33038B00B71B0C /* CandyCrushPlayer.cpp */ = {isa = PBXFileReference; fileEncoding = 4; lastKnownFileType = sourcecode.cpp.cpp; path = CandyCrushPlayer.cpp; sourceTree = "<group>"; };
		26D1363B1D33038B00B71B0C /* CandyCrushPlayer.hpp */ = {isa = PBXFileReference; fileEncoding = 4; lastKnownFileType = sourcecode.cpp.h; path = CandyCrushPlayer.hpp; sourceTree = "<group>"; };
		26D1363D1D33042900B71B0C /* CandyCrush.cpp */ = {isa = PBXFileReference; fileEncoding = 4; lastKnownFileType = sourcecode.cpp.cpp; path = CandyCrush.cpp; sourceTree = "<group>"; };
		26D1363F1D33133000B71B0C /* TicTacToe.cpp */ = {isa = PBXFileReference; fileEncoding = 4; lastKnownFileType = sourcecode.cpp.cpp; path = TicTacToe.cpp; sourceTree = "<group>"; };
		26D136411D33144400B71B0C /* TicTacToePlayer.cpp */ = {isa = PBXFileReference; fileEncoding = 4; lastKnownFileType = sourcecode.cpp.cpp; path = TicTacToePlayer.cpp; sourceTree = "<group>"; };
		26D136421D33144400B71B0C /* TicTacToePlayer.hpp */ = {isa = PBXFileReference; fileEncoding = 4; lastKnownFileType = sourcecode.cpp.h; path = TicTacToePlayer.hpp; sourceTree = "<group>"; };
		26D136461D3318F700B71B0C /* GameBoard.cpp */ = {isa = PBXFileReference; fileEncoding = 4; lastKnownFileType = sourcecode.cpp.cpp; path = GameBoard.cpp; sourceTree = "<group>"; };
		26F284CB1D313DDE00D9B177 /* CandyCrush.hpp */ = {isa = PBXFileReference; fileEncoding = 4; lastKnownFileType = sourcecode.cpp.h; path = CandyCrush.hpp; sourceTree = "<group>"; };
		26F284CE1D313EE800D9B177 /* TicTacToe.hpp */ = {isa = PBXFileReference; fileEncoding = 4; lastKnownFileType = sourcecode.cpp.h; path = TicTacToe.hpp; sourceTree = "<group>"; };
		26F284D11D31529800D9B177 /* GameBoard.hpp */ = {isa = PBXFileReference; fileEncoding = 4; lastKnownFileType = sourcecode.cpp.h; path = GameBoard.hpp; sourceTree = "<group>"; };
		26F284D41D31A09200D9B177 /* Game.hpp */ = {isa = PBXFileReference; fileEncoding = 4; lastKnownFileType = sourcecode.cpp.h; path = Game.hpp; sourceTree = "<group>"; };
/* End PBXFileReference section */

/* Begin PBXFrameworksBuildPhase section */
		26721FEF1D2938400032572C /* Frameworks */ = {
			isa = PBXFrameworksBuildPhase;
			buildActionMask = 2147483647;
			files = (
				266C08F21D397177004F0349 /* SDL2.framework in Frameworks */,
				266C08F41D397B46004F0349 /* SDL2_image.framework in Frameworks */,
			);
			runOnlyForDeploymentPostprocessing = 0;
		};
/* End PBXFrameworksBuildPhase section */

/* Begin PBXGroup section */
		26721FE91D2938400032572C = {
			isa = PBXGroup;
			children = (
				266C08F31D397B46004F0349 /* SDL2_image.framework */,
				266C08F11D397177004F0349 /* SDL2.framework */,
				26721FF41D2938400032572C /* ticTacToe */,
				26721FF31D2938400032572C /* Products */,
			);
			sourceTree = "<group>";
		};
		26721FF31D2938400032572C /* Products */ = {
			isa = PBXGroup;
			children = (
				26721FF21D2938400032572C /* ticTacToe */,
			);
			name = Products;
			sourceTree = "<group>";
		};
		26721FF41D2938400032572C /* ticTacToe */ = {
			isa = PBXGroup;
			children = (
				26D136391D32C6D300B71B0C /* readme */,
				26721FF51D2938400032572C /* main.cpp */,
				26F284CB1D313DDE00D9B177 /* CandyCrush.hpp */,
				26D1363D1D33042900B71B0C /* CandyCrush.cpp */,
				26D1363A1D33038B00B71B0C /* CandyCrushPlayer.cpp */,
				26D1363B1D33038B00B71B0C /* CandyCrushPlayer.hpp */,
				26F284D11D31529800D9B177 /* GameBoard.hpp */,
				26D136461D3318F700B71B0C /* GameBoard.cpp */,
				26F284D41D31A09200D9B177 /* Game.hpp */,
				26F284CE1D313EE800D9B177 /* TicTacToe.hpp */,
				26D1363F1D33133000B71B0C /* TicTacToe.cpp */,
				26D136411D33144400B71B0C /* TicTacToePlayer.cpp */,
				26D136421D33144400B71B0C /* TicTacToePlayer.hpp */,
			);
			path = ticTacToe;
			sourceTree = "<group>";
		};
/* End PBXGroup section */

/* Begin PBXNativeTarget section */
		26721FF11D2938400032572C /* ticTacToe */ = {
			isa = PBXNativeTarget;
			buildConfigurationList = 26721FF91D2938400032572C /* Build configuration list for PBXNativeTarget "ticTacToe" */;
			buildPhases = (
				26721FEE1D2938400032572C /* Sources */,
				26721FEF1D2938400032572C /* Frameworks */,
				26721FF01D2938400032572C /* CopyFiles */,
			);
			buildRules = (
			);
			dependencies = (
			);
			name = ticTacToe;
			productName = ticTacToe;
			productReference = 26721FF21D2938400032572C /* ticTacToe */;
			productType = "com.apple.product-type.tool";
		};
/* End PBXNativeTarget section */

/* Begin PBXProject section */
		26721FEA1D2938400032572C /* Project object */ = {
			isa = PBXProject;
			attributes = {
				LastUpgradeCheck = 0730;
				ORGANIZATIONNAME = "Sami Purmonen";
				TargetAttributes = {
					26721FF11D2938400032572C = {
						CreatedOnToolsVersion = 7.3.1;
					};
				};
			};
			buildConfigurationList = 26721FED1D2938400032572C /* Build configuration list for PBXProject "ticTacToe" */;
			compatibilityVersion = "Xcode 3.2";
			developmentRegion = English;
			hasScannedForEncodings = 0;
			knownRegions = (
				en,
			);
			mainGroup = 26721FE91D2938400032572C;
			productRefGroup = 26721FF31D2938400032572C /* Products */;
			projectDirPath = "";
			projectRoot = "";
			targets = (
				26721FF11D2938400032572C /* ticTacToe */,
			);
		};
/* End PBXProject section */

/* Begin PBXSourcesBuildPhase section */
		26721FEE1D2938400032572C /* Sources */ = {
			isa = PBXSourcesBuildPhase;
			buildActionMask = 2147483647;
			files = (
				26D136431D33144400B71B0C /* TicTacToePlayer.cpp in Sources */,
				26D1363C1D33038B00B71B0C /* CandyCrushPlayer.cpp in Sources */,
				26D1363E1D33042900B71B0C /* CandyCrush.cpp in Sources */,
				26D136401D33133000B71B0C /* TicTacToe.cpp in Sources */,
				26D136471D3318F700B71B0C /* GameBoard.cpp in Sources */,
				26721FF61D2938400032572C /* main.cpp in Sources */,
			);
			runOnlyForDeploymentPostprocessing = 0;
		};
/* End PBXSourcesBuildPhase section */

/* Begin XCBuildConfiguration section */
		26721FF71D2938400032572C /* Debug */ = {
			isa = XCBuildConfiguration;
			buildSettings = {
				ALWAYS_SEARCH_USER_PATHS = NO;
				CLANG_ANALYZER_NONNULL = YES;
				CLANG_CXX_LANGUAGE_STANDARD = "c++14";
				CLANG_CXX_LIBRARY = "libc++";
				CLANG_ENABLE_MODULES = YES;
				CLANG_ENABLE_OBJC_ARC = YES;
				CLANG_WARN_BOOL_CONVERSION = YES;
				CLANG_WARN_CONSTANT_CONVERSION = YES;
				CLANG_WARN_DIRECT_OBJC_ISA_USAGE = YES_ERROR;
				CLANG_WARN_EMPTY_BODY = YES;
				CLANG_WARN_ENUM_CONVERSION = YES;
				CLANG_WARN_INT_CONVERSION = YES;
				CLANG_WARN_OBJC_ROOT_CLASS = YES_ERROR;
				CLANG_WARN_UNREACHABLE_CODE = YES;
				CLANG_WARN__DUPLICATE_METHOD_MATCH = YES;
				CODE_SIGN_IDENTITY = "-";
				COPY_PHASE_STRIP = NO;
				DEBUG_INFORMATION_FORMAT = dwarf;
				ENABLE_STRICT_OBJC_MSGSEND = YES;
				ENABLE_TESTABILITY = YES;
				GCC_C_LANGUAGE_STANDARD = gnu99;
				GCC_DYNAMIC_NO_PIC = NO;
				GCC_NO_COMMON_BLOCKS = YES;
				GCC_OPTIMIZATION_LEVEL = 0;
				GCC_PREPROCESSOR_DEFINITIONS = (
					"DEBUG=1",
					"$(inherited)",
				);
				GCC_WARN_64_TO_32_BIT_CONVERSION = YES;
				GCC_WARN_ABOUT_RETURN_TYPE = YES_ERROR;
				GCC_WARN_UNDECLARED_SELECTOR = YES;
				GCC_WARN_UNINITIALIZED_AUTOS = YES_AGGRESSIVE;
				GCC_WARN_UNUSED_FUNCTION = YES;
				GCC_WARN_UNUSED_VARIABLE = YES;
				MACOSX_DEPLOYMENT_TARGET = 10.11;
				MTL_ENABLE_DEBUG_INFO = YES;
				ONLY_ACTIVE_ARCH = YES;
				SDKROOT = macosx;
			};
			name = Debug;
		};
		26721FF81D2938400032572C /* Release */ = {
			isa = XCBuildConfiguration;
			buildSettings = {
				ALWAYS_SEARCH_USER_PATHS = NO;
				CLANG_ANALYZER_NONNULL = YES;
				CLANG_CXX_LANGUAGE_STANDARD = "c++14";
				CLANG_CXX_LIBRARY = "libc++";
				CLANG_ENABLE_MODULES = YES;
				CLANG_ENABLE_OBJC_ARC = YES;
				CLANG_WARN_BOOL_CONVERSION = YES;
				CLANG_WARN_CONSTANT_CONVERSION = YES;
				CLANG_WARN_DIRECT_OBJC_ISA_USAGE = YES_ERROR;
				CLANG_WARN_EMPTY_BODY = YES;
				CLANG_WARN_ENUM_CONVERSION = YES;
				CLANG_WARN_INT_CONVERSION = YES;
				CLANG_WARN_OBJC_ROOT_CLASS = YES_ERROR;
				CLANG_WARN_UNREACHABLE_CODE = YES;
				CLANG_WARN__DUPLICATE_METHOD_MATCH = YES;
				CODE_SIGN_IDENTITY = "-";
				COPY_PHASE_STRIP = NO;
				DEBUG_INFORMATION_FORMAT = "dwarf-with-dsym";
				ENABLE_NS_ASSERTIONS = NO;
				ENABLE_STRICT_OBJC_MSGSEND = YES;
				GCC_C_LANGUAGE_STANDARD = gnu99;
				GCC_NO_COMMON_BLOCKS = YES;
				GCC_WARN_64_TO_32_BIT_CONVERSION = YES;
				GCC_WARN_ABOUT_RETURN_TYPE = YES_ERROR;
				GCC_WARN_UNDECLARED_SELECTOR = YES;
				GCC_WARN_UNINITIALIZED_AUTOS = YES_AGGRESSIVE;
				GCC_WARN_UNUSED_FUNCTION = YES;
				GCC_WARN_UNUSED_VARIABLE = YES;
				MACOSX_DEPLOYMENT_TARGET = 10.11;
				MTL_ENABLE_DEBUG_INFO = NO;
				SDKROOT = macosx;
			};
			name = Release;
		};
		26721FFA1D2938400032572C /* Debug */ = {
			isa = XCBuildConfiguration;
			buildSettings = {
				FRAMEWORK_SEARCH_PATHS = (
					"$(inherited)",
					"$(LOCAL_LIBRARY_DIR)/Frameworks",
				);
				PRODUCT_NAME = "$(TARGET_NAME)";
			};
			name = Debug;
		};
		26721FFB1D2938400032572C /* Release */ = {
			isa = XCBuildConfiguration;
			buildSettings = {
				FRAMEWORK_SEARCH_PATHS = (
					"$(inherited)",
					"$(LOCAL_LIBRARY_DIR)/Frameworks",
				);
				PRODUCT_NAME = "$(TARGET_NAME)";
			};
			name = Release;
		};
/* End XCBuildConfiguration section */

/* Begin XCConfigurationList section */
		26721FED1D2938400032572C /* Build configuration list for PBXProject "ticTacToe" */ = {
			isa = XCConfigurationList;
			buildConfigurations = (
				26721FF71D2938400032572C /* Debug */,
				26721FF81D2938400032572C /* Release */,
			);
			defaultConfigurationIsVisible = 0;
			defaultConfigurationName = Release;
		};
		26721FF91D2938400032572C /* Build configuration list for PBXNativeTarget "ticTacToe" */ = {
			isa = XCConfigurationList;
			buildConfigurations = (
				26721FFA1D2938400032572C /* Debug */,
				26721FFB1D2938400032572C /* Release */,
			);
			defaultConfigurationIsVisible = 0;
			defaultConfigurationName = Release;
		};
/* End XCConfigurationList section */
	};
	rootObject = 26721FEA1D2938400032572C /* Project object */;
}
